# This file was autogenerated by Stack.
# You should not edit this file by hand.
# For more information, please see the documentation at:
#   https://docs.haskellstack.org/en/stable/lock_files

packages:
- completed:
    hackage: classy-prelude-yesod-1.5.0@sha256:8f7e183bdfd6d2ea9674284c4f285294ab086aff60d9be4e5d7d2f3c1a2b05b7,1330
    pantry-tree:
      size: 330
      sha256: ae84d4cc0e1daf985db6cdcf2ac92319531b8e60f547183cc46480d00aafbe20
  original:
    hackage: classy-prelude-yesod-1.5.0
- completed:
    hackage: Cabal-3.2.1.0@sha256:8743076ec022296f9771d962000c9ca3a0fe02e68c37b992c63e382a675f791d,27482
    pantry-tree:
      size: 41224
      sha256: 92682a2aab8d967de341acff88525376eb9a31f53f094e0878c51c2886564f3a
  original:
    hackage: Cabal-3.2.1.0
- completed:
    hackage: random-1.2.0@sha256:30d72df4cc1d2fe2d445c88f0ee9d21965af7ce86660c43a6c32a6a1d90d51c9,6094
    pantry-tree:
      size: 1259
      sha256: 92b5a834ba603ee4d006968a75847f4fd93a566b8a96e1b463b8229f8ce9961d
  original:
    hackage: random-1.2.0
snapshots:
- completed:
    size: 567241
    url: https://raw.githubusercontent.com/commercialhaskell/stackage-snapshots/master/lts/17/10.yaml
    sha256: 321b3b9f0c7f76994b39e0dabafdc76478274b4ff74cc5e43d410897a335ad3b
  original: lts-17.10
